
Microsoft Visual Studio Solution File, Format Version 12.00
# Visual Studio 2013
VisualStudioVersion = 12.0.40121.0
MinimumVisualStudioVersion = 10.0.40219.1
Project("{FAE04EC0-301F-11D3-BF4B-00C04F79EFBC}") = "EFFlunetAPITypeMapping", "EFFlunetAPITypeMapping\EFFlunetAPITypeMapping.csproj", "{19F7D92C-084E-4547-BAF5-477F88ED73CF}"
EndProject
Global
	GlobalSection(SolutionConfigurationPlatforms) = preSolution
		Debug|Any CPU = Debug|Any CPU
		Release|Any CPU = Release|Any CPU
	EndGlobalSection
	GlobalSection(ProjectConfigurationPlatforms) = postSolution
		{19F7D92C-084E-4547-BAF5-477F88ED73CF}.Debug|Any CPU.ActiveCfg = Debug|Any CPU
		{19F7D92C-084E-4547-BAF5-477F88ED73CF}.Debug|Any CPU.Build.0 = Debug|Any CPU
		{19F7D92C-084E-4547-BAF5-477F88ED73CF}.Release|Any CPU.ActiveCfg = Release|Any CPU
		{19F7D92C-084E-4547-BAF5-477F88ED73CF}.Release|Any CPU.Build.0 = Release|Any CPU
	EndGlobalSection
	GlobalSection(SolutionProperties) = preSolution
		HideSolutionNode = FALSE
	EndGlobalSection
EndGlobal
